
Microsoft Visual Studio Solution File, Format Version 12.00
# Visual Studio Version 17
VisualStudioVersion = 17.4.33103.184
MinimumVisualStudioVersion = 10.0.40219.1
Project("{FAE04EC0-301F-11D3-BF4B-00C04F79EFBC}") = "Practical work 8.6", "Practical work 8.6\Practical work 8.6.csproj", "{258D7BF5-E69D-45BE-BFE4-29AC0D7EECE5}"
EndProject
Global
	GlobalSection(SolutionConfigurationPlatforms) = preSolution
		Debug|Any CPU = Debug|Any CPU
		Release|Any CPU = Release|Any CPU
	EndGlobalSection
	GlobalSection(ProjectConfigurationPlatforms) = postSolution
		{258D7BF5-E69D-45BE-BFE4-29AC0D7EECE5}.Debug|Any CPU.ActiveCfg = Debug|Any CPU
		{258D7BF5-E69D-45BE-BFE4-29AC0D7EECE5}.Debug|Any CPU.Build.0 = Debug|Any CPU
		{258D7BF5-E69D-45BE-BFE4-29AC0D7EECE5}.Release|Any CPU.ActiveCfg = Release|Any CPU
		{258D7BF5-E69D-45BE-BFE4-29AC0D7EECE5}.Release|Any CPU.Build.0 = Release|Any CPU
	EndGlobalSection
	GlobalSection(SolutionProperties) = preSolution
		HideSolutionNode = FALSE
	EndGlobalSection
	GlobalSection(ExtensibilityGlobals) = postSolution
		SolutionGuid = {DF34C204-6A8C-4968-980E-28A30A673F21}
	EndGlobalSection
EndGlobal
