
Microsoft Visual Studio Solution File, Format Version 12.00
# Visual Studio Version 17
VisualStudioVersion = 17.4.33103.184
MinimumVisualStudioVersion = 10.0.40219.1
Project("{FAE04EC0-301F-11D3-BF4B-00C04F79EFBC}") = "Practica_Work_5_5", "Practica_Work_5_5\Practica_Work_5_5.csproj", "{60A57168-28ED-46BB-825C-503E29251F17}"
EndProject
Global
	GlobalSection(SolutionConfigurationPlatforms) = preSolution
		Debug|Any CPU = Debug|Any CPU
		Release|Any CPU = Release|Any CPU
	EndGlobalSection
	GlobalSection(ProjectConfigurationPlatforms) = postSolution
		{60A57168-28ED-46BB-825C-503E29251F17}.Debug|Any CPU.ActiveCfg = Debug|Any CPU
		{60A57168-28ED-46BB-825C-503E29251F17}.Debug|Any CPU.Build.0 = Debug|Any CPU
		{60A57168-28ED-46BB-825C-503E29251F17}.Release|Any CPU.ActiveCfg = Release|Any CPU
		{60A57168-28ED-46BB-825C-503E29251F17}.Release|Any CPU.Build.0 = Release|Any CPU
	EndGlobalSection
	GlobalSection(SolutionProperties) = preSolution
		HideSolutionNode = FALSE
	EndGlobalSection
	GlobalSection(ExtensibilityGlobals) = postSolution
		SolutionGuid = {8F5F6FBC-6C92-40E0-8741-9FEF77D6FC8E}
	EndGlobalSection
EndGlobal
