
Microsoft Visual Studio Solution File, Format Version 12.00
# Visual Studio Version 17
VisualStudioVersion = 17.4.33103.184
MinimumVisualStudioVersion = 10.0.40219.1
Project("{FAE04EC0-301F-11D3-BF4B-00C04F79EFBC}") = "Practical_work_2_7", "Practical_work_2_7\Practical_work_2_7.csproj", "{AA33CF7E-C86D-4F53-A147-D05531441939}"
EndProject
Global
	GlobalSection(SolutionConfigurationPlatforms) = preSolution
		Debug|Any CPU = Debug|Any CPU
		Release|Any CPU = Release|Any CPU
	EndGlobalSection
	GlobalSection(ProjectConfigurationPlatforms) = postSolution
		{AA33CF7E-C86D-4F53-A147-D05531441939}.Debug|Any CPU.ActiveCfg = Debug|Any CPU
		{AA33CF7E-C86D-4F53-A147-D05531441939}.Debug|Any CPU.Build.0 = Debug|Any CPU
		{AA33CF7E-C86D-4F53-A147-D05531441939}.Release|Any CPU.ActiveCfg = Release|Any CPU
		{AA33CF7E-C86D-4F53-A147-D05531441939}.Release|Any CPU.Build.0 = Release|Any CPU
	EndGlobalSection
	GlobalSection(SolutionProperties) = preSolution
		HideSolutionNode = FALSE
	EndGlobalSection
	GlobalSection(ExtensibilityGlobals) = postSolution
		SolutionGuid = {9766D6FB-AE9B-49AC-8EFF-8FB37E0EA970}
	EndGlobalSection
EndGlobal
